
Microsoft Visual Studio Solution File, Format Version 12.00
# Visual Studio 14
VisualStudioVersion = 14.0.25420.1
MinimumVisualStudioVersion = 10.0.40219.1
Project("{8BC9CEB8-8B4A-11D0-8D11-00A0C91BC942}") = "bubbleSort", "algorithmList\algorithmList.vcxproj", "{0A5EC358-B902-471B-ABC2-E9477F8C696B}"
EndProject
Project("{8BC9CEB8-8B4A-11D0-8D11-00A0C91BC942}") = "selectSort", "selectSort\selectSort.vcxproj", "{954607BE-66DA-4E9C-8E8D-75D300D918BE}"
EndProject
Project("{8BC9CEB8-8B4A-11D0-8D11-00A0C91BC942}") = "insertSort", "insertSort\insertSort.vcxproj", "{437A4362-EEDE-4D99-B646-653BF054DA77}"
EndProject
Project("{8BC9CEB8-8B4A-11D0-8D11-00A0C91BC942}") = "shellSort", "shellSort\shellSort.vcxproj", "{1EC80EAC-72FE-41E0-8C7D-DA31673CE734}"
EndProject
Project("{8BC9CEB8-8B4A-11D0-8D11-00A0C91BC942}") = "mergeSortTtoB", "mergeSort\mergeSort.vcxproj", "{C5C49140-0217-42C1-AB54-3E2DF158512B}"
EndProject
Project("{8BC9CEB8-8B4A-11D0-8D11-00A0C91BC942}") = "mergeSortBtoT", "mergeSortDtoU\mergeSortDtoU.vcxproj", "{A4B8662A-2BC2-4EF7-8AEE-9D823938FD8D}"
EndProject
Project("{8BC9CEB8-8B4A-11D0-8D11-00A0C91BC942}") = "fastSort", "fastSort\fastSort.vcxproj", "{CE9FF5B4-0469-429A-9330-9CF4FA0C6834}"
EndProject
Project("{8BC9CEB8-8B4A-11D0-8D11-00A0C91BC942}") = "Quick3way", "Quick3way\Quick3way.vcxproj", "{9F90F2D3-D642-4F0A-944A-E3622EE01270}"
EndProject
Project("{8BC9CEB8-8B4A-11D0-8D11-00A0C91BC942}") = "heapSort", "heapSort\heapSort.vcxproj", "{67EA5A35-278D-401D-95D7-30123BBE1BF6}"
EndProject
Project("{8BC9CEB8-8B4A-11D0-8D11-00A0C91BC942}") = "levelOrder", "levelOrder\levelOrder.vcxproj", "{C8E91F5D-99D0-4F48-9390-652CB0BAA3EB}"
EndProject
Project("{8BC9CEB8-8B4A-11D0-8D11-00A0C91BC942}") = "midOrder", "midOrder\midOrder.vcxproj", "{07C67782-1BF5-42FA-868D-CA25C1D75EC7}"
EndProject
Project("{8BC9CEB8-8B4A-11D0-8D11-00A0C91BC942}") = "postOrder", "postOrder\postOrder.vcxproj", "{4A8CD2B4-2E9A-4D07-8982-B6A9BA7FE5FC}"
EndProject
Project("{8BC9CEB8-8B4A-11D0-8D11-00A0C91BC942}") = "preOrder", "preOrder\preOrder.vcxproj", "{188D24AF-54C9-4983-8991-67E45BCDCB61}"
EndProject
Project("{8BC9CEB8-8B4A-11D0-8D11-00A0C91BC942}") = "mybfs", "mybfs\mybfs.vcxproj", "{EC2FA298-00EB-4FB9-A2E1-C0E398AD2875}"
EndProject
Project("{8BC9CEB8-8B4A-11D0-8D11-00A0C91BC942}") = "mydfs", "mydfs\mydfs.vcxproj", "{D3E4E1E4-2AB2-43B2-9CF5-E286BC269970}"
EndProject
Global
	GlobalSection(SolutionConfigurationPlatforms) = preSolution
		Debug|x64 = Debug|x64
		Debug|x86 = Debug|x86
		Release|x64 = Release|x64
		Release|x86 = Release|x86
	EndGlobalSection
	GlobalSection(ProjectConfigurationPlatforms) = postSolution
		{0A5EC358-B902-471B-ABC2-E9477F8C696B}.Debug|x64.ActiveCfg = Debug|x64
		{0A5EC358-B902-471B-ABC2-E9477F8C696B}.Debug|x64.Build.0 = Debug|x64
		{0A5EC358-B902-471B-ABC2-E9477F8C696B}.Debug|x86.ActiveCfg = Debug|Win32
		{0A5EC358-B902-471B-ABC2-E9477F8C696B}.Debug|x86.Build.0 = Debug|Win32
		{0A5EC358-B902-471B-ABC2-E9477F8C696B}.Release|x64.ActiveCfg = Release|x64
		{0A5EC358-B902-471B-ABC2-E9477F8C696B}.Release|x64.Build.0 = Release|x64
		{0A5EC358-B902-471B-ABC2-E9477F8C696B}.Release|x86.ActiveCfg = Release|Win32
		{0A5EC358-B902-471B-ABC2-E9477F8C696B}.Release|x86.Build.0 = Release|Win32
		{954607BE-66DA-4E9C-8E8D-75D300D918BE}.Debug|x64.ActiveCfg = Debug|x64
		{954607BE-66DA-4E9C-8E8D-75D300D918BE}.Debug|x64.Build.0 = Debug|x64
		{954607BE-66DA-4E9C-8E8D-75D300D918BE}.Debug|x86.ActiveCfg = Debug|Win32
		{954607BE-66DA-4E9C-8E8D-75D300D918BE}.Debug|x86.Build.0 = Debug|Win32
		{954607BE-66DA-4E9C-8E8D-75D300D918BE}.Release|x64.ActiveCfg = Release|x64
		{954607BE-66DA-4E9C-8E8D-75D300D918BE}.Release|x64.Build.0 = Release|x64
		{954607BE-66DA-4E9C-8E8D-75D300D918BE}.Release|x86.ActiveCfg = Release|Win32
		{954607BE-66DA-4E9C-8E8D-75D300D918BE}.Release|x86.Build.0 = Release|Win32
		{437A4362-EEDE-4D99-B646-653BF054DA77}.Debug|x64.ActiveCfg = Debug|x64
		{437A4362-EEDE-4D99-B646-653BF054DA77}.Debug|x64.Build.0 = Debug|x64
		{437A4362-EEDE-4D99-B646-653BF054DA77}.Debug|x86.ActiveCfg = Debug|Win32
		{437A4362-EEDE-4D99-B646-653BF054DA77}.Debug|x86.Build.0 = Debug|Win32
		{437A4362-EEDE-4D99-B646-653BF054DA77}.Release|x64.ActiveCfg = Release|x64
		{437A4362-EEDE-4D99-B646-653BF054DA77}.Release|x64.Build.0 = Release|x64
		{437A4362-EEDE-4D99-B646-653BF054DA77}.Release|x86.ActiveCfg = Release|Win32
		{437A4362-EEDE-4D99-B646-653BF054DA77}.Release|x86.Build.0 = Release|Win32
		{1EC80EAC-72FE-41E0-8C7D-DA31673CE734}.Debug|x64.ActiveCfg = Debug|x64
		{1EC80EAC-72FE-41E0-8C7D-DA31673CE734}.Debug|x64.Build.0 = Debug|x64
		{1EC80EAC-72FE-41E0-8C7D-DA31673CE734}.Debug|x86.ActiveCfg = Debug|Win32
		{1EC80EAC-72FE-41E0-8C7D-DA31673CE734}.Debug|x86.Build.0 = Debug|Win32
		{1EC80EAC-72FE-41E0-8C7D-DA31673CE734}.Release|x64.ActiveCfg = Release|x64
		{1EC80EAC-72FE-41E0-8C7D-DA31673CE734}.Release|x64.Build.0 = Release|x64
		{1EC80EAC-72FE-41E0-8C7D-DA31673CE734}.Release|x86.ActiveCfg = Release|Win32
		{1EC80EAC-72FE-41E0-8C7D-DA31673CE734}.Release|x86.Build.0 = Release|Win32
		{C5C49140-0217-42C1-AB54-3E2DF158512B}.Debug|x64.ActiveCfg = Debug|x64
		{C5C49140-0217-42C1-AB54-3E2DF158512B}.Debug|x64.Build.0 = Debug|x64
		{C5C49140-0217-42C1-AB54-3E2DF158512B}.Debug|x86.ActiveCfg = Debug|Win32
		{C5C49140-0217-42C1-AB54-3E2DF158512B}.Debug|x86.Build.0 = Debug|Win32
		{C5C49140-0217-42C1-AB54-3E2DF158512B}.Release|x64.ActiveCfg = Release|x64
		{C5C49140-0217-42C1-AB54-3E2DF158512B}.Release|x64.Build.0 = Release|x64
		{C5C49140-0217-42C1-AB54-3E2DF158512B}.Release|x86.ActiveCfg = Release|Win32
		{C5C49140-0217-42C1-AB54-3E2DF158512B}.Release|x86.Build.0 = Release|Win32
		{A4B8662A-2BC2-4EF7-8AEE-9D823938FD8D}.Debug|x64.ActiveCfg = Debug|x64
		{A4B8662A-2BC2-4EF7-8AEE-9D823938FD8D}.Debug|x64.Build.0 = Debug|x64
		{A4B8662A-2BC2-4EF7-8AEE-9D823938FD8D}.Debug|x86.ActiveCfg = Debug|Win32
		{A4B8662A-2BC2-4EF7-8AEE-9D823938FD8D}.Debug|x86.Build.0 = Debug|Win32
		{A4B8662A-2BC2-4EF7-8AEE-9D823938FD8D}.Release|x64.ActiveCfg = Release|x64
		{A4B8662A-2BC2-4EF7-8AEE-9D823938FD8D}.Release|x64.Build.0 = Release|x64
		{A4B8662A-2BC2-4EF7-8AEE-9D823938FD8D}.Release|x86.ActiveCfg = Release|Win32
		{A4B8662A-2BC2-4EF7-8AEE-9D823938FD8D}.Release|x86.Build.0 = Release|Win32
		{CE9FF5B4-0469-429A-9330-9CF4FA0C6834}.Debug|x64.ActiveCfg = Debug|x64
		{CE9FF5B4-0469-429A-9330-9CF4FA0C6834}.Debug|x64.Build.0 = Debug|x64
		{CE9FF5B4-0469-429A-9330-9CF4FA0C6834}.Debug|x86.ActiveCfg = Debug|Win32
		{CE9FF5B4-0469-429A-9330-9CF4FA0C6834}.Debug|x86.Build.0 = Debug|Win32
		{CE9FF5B4-0469-429A-9330-9CF4FA0C6834}.Release|x64.ActiveCfg = Release|x64
		{CE9FF5B4-0469-429A-9330-9CF4FA0C6834}.Release|x64.Build.0 = Release|x64
		{CE9FF5B4-0469-429A-9330-9CF4FA0C6834}.Release|x86.ActiveCfg = Release|Win32
		{CE9FF5B4-0469-429A-9330-9CF4FA0C6834}.Release|x86.Build.0 = Release|Win32
		{9F90F2D3-D642-4F0A-944A-E3622EE01270}.Debug|x64.ActiveCfg = Debug|x64
		{9F90F2D3-D642-4F0A-944A-E3622EE01270}.Debug|x64.Build.0 = Debug|x64
		{9F90F2D3-D642-4F0A-944A-E3622EE01270}.Debug|x86.ActiveCfg = Debug|Win32
		{9F90F2D3-D642-4F0A-944A-E3622EE01270}.Debug|x86.Build.0 = Debug|Win32
		{9F90F2D3-D642-4F0A-944A-E3622EE01270}.Release|x64.ActiveCfg = Release|x64
		{9F90F2D3-D642-4F0A-944A-E3622EE01270}.Release|x64.Build.0 = Release|x64
		{9F90F2D3-D642-4F0A-944A-E3622EE01270}.Release|x86.ActiveCfg = Release|Win32
		{9F90F2D3-D642-4F0A-944A-E3622EE01270}.Release|x86.Build.0 = Release|Win32
		{67EA5A35-278D-401D-95D7-30123BBE1BF6}.Debug|x64.ActiveCfg = Debug|x64
		{67EA5A35-278D-401D-95D7-30123BBE1BF6}.Debug|x64.Build.0 = Debug|x64
		{67EA5A35-278D-401D-95D7-30123BBE1BF6}.Debug|x86.ActiveCfg = Debug|Win32
		{67EA5A35-278D-401D-95D7-30123BBE1BF6}.Debug|x86.Build.0 = Debug|Win32
		{67EA5A35-278D-401D-95D7-30123BBE1BF6}.Release|x64.ActiveCfg = Release|x64
		{67EA5A35-278D-401D-95D7-30123BBE1BF6}.Release|x64.Build.0 = Release|x64
		{67EA5A35-278D-401D-95D7-30123BBE1BF6}.Release|x86.ActiveCfg = Release|Win32
		{67EA5A35-278D-401D-95D7-30123BBE1BF6}.Release|x86.Build.0 = Release|Win32
		{C8E91F5D-99D0-4F48-9390-652CB0BAA3EB}.Debug|x64.ActiveCfg = Debug|x64
		{C8E91F5D-99D0-4F48-9390-652CB0BAA3EB}.Debug|x64.Build.0 = Debug|x64
		{C8E91F5D-99D0-4F48-9390-652CB0BAA3EB}.Debug|x86.ActiveCfg = Debug|Win32
		{C8E91F5D-99D0-4F48-9390-652CB0BAA3EB}.Debug|x86.Build.0 = Debug|Win32
		{C8E91F5D-99D0-4F48-9390-652CB0BAA3EB}.Release|x64.ActiveCfg = Release|x64
		{C8E91F5D-99D0-4F48-9390-652CB0BAA3EB}.Release|x64.Build.0 = Release|x64
		{C8E91F5D-99D0-4F48-9390-652CB0BAA3EB}.Release|x86.ActiveCfg = Release|Win32
		{C8E91F5D-99D0-4F48-9390-652CB0BAA3EB}.Release|x86.Build.0 = Release|Win32
		{07C67782-1BF5-42FA-868D-CA25C1D75EC7}.Debug|x64.ActiveCfg = Debug|x64
		{07C67782-1BF5-42FA-868D-CA25C1D75EC7}.Debug|x64.Build.0 = Debug|x64
		{07C67782-1BF5-42FA-868D-CA25C1D75EC7}.Debug|x86.ActiveCfg = Debug|Win32
		{07C67782-1BF5-42FA-868D-CA25C1D75EC7}.Debug|x86.Build.0 = Debug|Win32
		{07C67782-1BF5-42FA-868D-CA25C1D75EC7}.Release|x64.ActiveCfg = Release|x64
		{07C67782-1BF5-42FA-868D-CA25C1D75EC7}.Release|x64.Build.0 = Release|x64
		{07C67782-1BF5-42FA-868D-CA25C1D75EC7}.Release|x86.ActiveCfg = Release|Win32
		{07C67782-1BF5-42FA-868D-CA25C1D75EC7}.Release|x86.Build.0 = Release|Win32
		{4A8CD2B4-2E9A-4D07-8982-B6A9BA7FE5FC}.Debug|x64.ActiveCfg = Debug|x64
		{4A8CD2B4-2E9A-4D07-8982-B6A9BA7FE5FC}.Debug|x64.Build.0 = Debug|x64
		{4A8CD2B4-2E9A-4D07-8982-B6A9BA7FE5FC}.Debug|x86.ActiveCfg = Debug|Win32
		{4A8CD2B4-2E9A-4D07-8982-B6A9BA7FE5FC}.Debug|x86.Build.0 = Debug|Win32
		{4A8CD2B4-2E9A-4D07-8982-B6A9BA7FE5FC}.Release|x64.ActiveCfg = Release|x64
		{4A8CD2B4-2E9A-4D07-8982-B6A9BA7FE5FC}.Release|x64.Build.0 = Release|x64
		{4A8CD2B4-2E9A-4D07-8982-B6A9BA7FE5FC}.Release|x86.ActiveCfg = Release|Win32
		{4A8CD2B4-2E9A-4D07-8982-B6A9BA7FE5FC}.Release|x86.Build.0 = Release|Win32
		{188D24AF-54C9-4983-8991-67E45BCDCB61}.Debug|x64.ActiveCfg = Debug|x64
		{188D24AF-54C9-4983-8991-67E45BCDCB61}.Debug|x64.Build.0 = Debug|x64
		{188D24AF-54C9-4983-8991-67E45BCDCB61}.Debug|x86.ActiveCfg = Debug|Win32
		{188D24AF-54C9-4983-8991-67E45BCDCB61}.Debug|x86.Build.0 = Debug|Win32
		{188D24AF-54C9-4983-8991-67E45BCDCB61}.Release|x64.ActiveCfg = Release|x64
		{188D24AF-54C9-4983-8991-67E45BCDCB61}.Release|x64.Build.0 = Release|x64
		{188D24AF-54C9-4983-8991-67E45BCDCB61}.Release|x86.ActiveCfg = Release|Win32
		{188D24AF-54C9-4983-8991-67E45BCDCB61}.Release|x86.Build.0 = Release|Win32
		{EC2FA298-00EB-4FB9-A2E1-C0E398AD2875}.Debug|x64.ActiveCfg = Debug|x64
		{EC2FA298-00EB-4FB9-A2E1-C0E398AD2875}.Debug|x64.Build.0 = Debug|x64
		{EC2FA298-00EB-4FB9-A2E1-C0E398AD2875}.Debug|x86.ActiveCfg = Debug|Win32
		{EC2FA298-00EB-4FB9-A2E1-C0E398AD2875}.Debug|x86.Build.0 = Debug|Win32
		{EC2FA298-00EB-4FB9-A2E1-C0E398AD2875}.Release|x64.ActiveCfg = Release|x64
		{EC2FA298-00EB-4FB9-A2E1-C0E398AD2875}.Release|x64.Build.0 = Release|x64
		{EC2FA298-00EB-4FB9-A2E1-C0E398AD2875}.Release|x86.ActiveCfg = Release|Win32
		{EC2FA298-00EB-4FB9-A2E1-C0E398AD2875}.Release|x86.Build.0 = Release|Win32
		{D3E4E1E4-2AB2-43B2-9CF5-E286BC269970}.Debug|x64.ActiveCfg = Debug|x64
		{D3E4E1E4-2AB2-43B2-9CF5-E286BC269970}.Debug|x64.Build.0 = Debug|x64
		{D3E4E1E4-2AB2-43B2-9CF5-E286BC269970}.Debug|x86.ActiveCfg = Debug|Win32
		{D3E4E1E4-2AB2-43B2-9CF5-E286BC269970}.Debug|x86.Build.0 = Debug|Win32
		{D3E4E1E4-2AB2-43B2-9CF5-E286BC269970}.Release|x64.ActiveCfg = Release|x64
		{D3E4E1E4-2AB2-43B2-9CF5-E286BC269970}.Release|x64.Build.0 = Release|x64
		{D3E4E1E4-2AB2-43B2-9CF5-E286BC269970}.Release|x86.ActiveCfg = Release|Win32
		{D3E4E1E4-2AB2-43B2-9CF5-E286BC269970}.Release|x86.Build.0 = Release|Win32
	EndGlobalSection
	GlobalSection(SolutionProperties) = preSolution
		HideSolutionNode = FALSE
	EndGlobalSection
EndGlobal
